// !$*UTF8*$!
{
	archiveVersion = 1;
	classes = {
	};
	objectVersion = 50;
	objects = {

/* Begin PBXBuildFile section */
		E763FB87256D52DC00FF4C14 /* AppDelegate.swift in Sources */ = {isa = PBXBuildFile; fileRef = E763FB86256D52DC00FF4C14 /* AppDelegate.swift */; };
		E763FB89256D52DC00FF4C14 /* SceneDelegate.swift in Sources */ = {isa = PBXBuildFile; fileRef = E763FB88256D52DC00FF4C14 /* SceneDelegate.swift */; };
		E763FB8E256D52DC00FF4C14 /* Main.storyboard in Resources */ = {isa = PBXBuildFile; fileRef = E763FB8C256D52DC00FF4C14 /* Main.storyboard */; };
		E763FB90256D52DE00FF4C14 /* Assets.xcassets in Resources */ = {isa = PBXBuildFile; fileRef = E763FB8F256D52DE00FF4C14 /* Assets.xcassets */; };
		E763FB93256D52DE00FF4C14 /* LaunchScreen.storyboard in Resources */ = {isa = PBXBuildFile; fileRef = E763FB91256D52DE00FF4C14 /* LaunchScreen.storyboard */; };
		E763FB9B256D52F500FF4C14 /* TableViewController.swift in Sources */ = {isa = PBXBuildFile; fileRef = E763FB9A256D52F500FF4C14 /* TableViewController.swift */; };
		E763FB9D256D534300FF4C14 /* imageCashLoader.swift in Sources */ = {isa = PBXBuildFile; fileRef = E763FB9C256D534300FF4C14 /* imageCashLoader.swift */; };
/* End PBXBuildFile section */

/* Begin PBXFileReference section */
		E763FB83256D52DC00FF4C14 /* ProstoTest.app */ = {isa = PBXFileReference; explicitFileType = wrapper.application; includeInIndex = 0; path = ProstoTest.app; sourceTree = BUILT_PRODUCTS_DIR; };
		E763FB86256D52DC00FF4C14 /* AppDelegate.swift */ = {isa = PBXFileReference; lastKnownFileType = sourcecode.swift; path = AppDelegate.swift; sourceTree = "<group>"; };
		E763FB88256D52DC00FF4C14 /* SceneDelegate.swift */ = {isa = PBXFileReference; lastKnownFileType = sourcecode.swift; path = SceneDelegate.swift; sourceTree = "<group>"; };
		E763FB8D256D52DC00FF4C14 /* Base */ = {isa = PBXFileReference; lastKnownFileType = file.storyboard; name = Base; path = Base.lproj/Main.storyboard; sourceTree = "<group>"; };
		E763FB8F256D52DE00FF4C14 /* Assets.xcassets */ = {isa = PBXFileReference; lastKnownFileType = folder.assetcatalog; path = Assets.xcassets; sourceTree = "<group>"; };
		E763FB92256D52DE00FF4C14 /* Base */ = {isa = PBXFileReference; lastKnownFileType = file.storyboard; name = Base; path = Base.lproj/LaunchScreen.storyboard; sourceTree = "<group>"; };
		E763FB94256D52DE00FF4C14 /* Info.plist */ = {isa = PBXFileReference; lastKnownFileType = text.plist.xml; path = Info.plist; sourceTree = "<group>"; };
		E763FB9A256D52F500FF4C14 /* TableViewController.swift */ = {isa = PBXFileReference; lastKnownFileType = sourcecode.swift; path = TableViewController.swift; sourceTree = "<group>"; };
		E763FB9C256D534300FF4C14 /* imageCashLoader.swift */ = {isa = PBXFileReference; lastKnownFileType = sourcecode.swift; path = imageCashLoader.swift; sourceTree = "<group>"; };
/* End PBXFileReference section */

/* Begin PBXFrameworksBuildPhase section */
		E763FB80256D52DC00FF4C14 /* Frameworks */ = {
			isa = PBXFrameworksBuildPhase;
			buildActionMask = 2147483647;
			files = (
			);
			runOnlyForDeploymentPostprocessing = 0;
		};
/* End PBXFrameworksBuildPhase section */

/* Begin PBXGroup section */
		E763FB7A256D52DC00FF4C14 = {
			isa = PBXGroup;
			children = (
				E763FB85256D52DC00FF4C14 /* ProstoTest */,
				E763FB84256D52DC00FF4C14 /* Products */,
			);
			sourceTree = "<group>";
		};
		E763FB84256D52DC00FF4C14 /* Products */ = {
			isa = PBXGroup;
			children = (
				E763FB83256D52DC00FF4C14 /* ProstoTest.app */,
			);
			name = Products;
			sourceTree = "<group>";
		};
		E763FB85256D52DC00FF4C14 /* ProstoTest */ = {
			isa = PBXGroup;
			children = (
				E763FB86256D52DC00FF4C14 /* AppDelegate.swift */,
				E763FB88256D52DC00FF4C14 /* SceneDelegate.swift */,
				E763FB8C256D52DC00FF4C14 /* Main.storyboard */,
				E763FB8F256D52DE00FF4C14 /* Assets.xcassets */,
				E763FB91256D52DE00FF4C14 /* LaunchScreen.storyboard */,
				E763FB94256D52DE00FF4C14 /* Info.plist */,
				E763FB9A256D52F500FF4C14 /* TableViewController.swift */,
				E763FB9C256D534300FF4C14 /* imageCashLoader.swift */,
			);
			path = ProstoTest;
			sourceTree = "<group>";
		};
/* End PBXGroup section */

/* Begin PBXNativeTarget section */
		E763FB82256D52DC00FF4C14 /* ProstoTest */ = {
			isa = PBXNativeTarget;
			buildConfigurationList = E763FB97256D52DE00FF4C14 /* Build configuration list for PBXNativeTarget "ProstoTest" */;
			buildPhases = (
				E763FB7F256D52DC00FF4C14 /* Sources */,
				E763FB80256D52DC00FF4C14 /* Frameworks */,
				E763FB81256D52DC00FF4C14 /* Resources */,
			);
			buildRules = (
			);
			dependencies = (
			);
			name = ProstoTest;
			productName = ProstoTest;
			productReference = E763FB83256D52DC00FF4C14 /* ProstoTest.app */;
			productType = "com.apple.product-type.application";
		};
/* End PBXNativeTarget section */

/* Begin PBXProject section */
		E763FB7B256D52DC00FF4C14 /* Project object */ = {
			isa = PBXProject;
			attributes = {
				LastSwiftUpdateCheck = 1160;
				LastUpgradeCheck = 1160;
				ORGANIZATIONNAME = Vladimir;
				TargetAttributes = {
					E763FB82256D52DC00FF4C14 = {
						CreatedOnToolsVersion = 11.6;
					};
				};
			};
			buildConfigurationList = E763FB7E256D52DC00FF4C14 /* Build configuration list for PBXProject "ProstoTest" */;
			compatibilityVersion = "Xcode 9.3";
			developmentRegion = en;
			hasScannedForEncodings = 0;
			knownRegions = (
				en,
				Base,
			);
			mainGroup = E763FB7A256D52DC00FF4C14;
			productRefGroup = E763FB84256D52DC00FF4C14 /* Products */;
			projectDirPath = "";
			projectRoot = "";
			targets = (
				E763FB82256D52DC00FF4C14 /* ProstoTest */,
			);
		};
/* End PBXProject section */

/* Begin PBXResourcesBuildPhase section */
		E763FB81256D52DC00FF4C14 /* Resources */ = {
			isa = PBXResourcesBuildPhase;
			buildActionMask = 2147483647;
			files = (
				E763FB93256D52DE00FF4C14 /* LaunchScreen.storyboard in Resources */,
				E763FB90256D52DE00FF4C14 /* Assets.xcassets in Resources */,
				E763FB8E256D52DC00FF4C14 /* Main.storyboard in Resources */,
			);
			runOnlyForDeploymentPostprocessing = 0;
		};
/* End PBXResourcesBuildPhase section */

/* Begin PBXSourcesBuildPhase section */
		E763FB7F256D52DC00FF4C14 /* Sources */ = {
			isa = PBXSourcesBuildPhase;
			buildActionMask = 2147483647;
			files = (
				E763FB87256D52DC00FF4C14 /* AppDelegate.swift in Sources */,
				E763FB9D256D534300FF4C14 /* imageCashLoader.swift in Sources */,
				E763FB9B256D52F500FF4C14 /* TableViewController.swift in Sources */,
				E763FB89256D52DC00FF4C14 /* SceneDelegate.swift in Sources */,
			);
			runOnlyForDeploymentPostprocessing = 0;
		};
/* End PBXSourcesBuildPhase section */

/* Begin PBXVariantGroup section */
		E763FB8C256D52DC00FF4C14 /* Main.storyboard */ = {
			isa = PBXVariantGroup;
			children = (
				E763FB8D256D52DC00FF4C14 /* Base */,
			);
			name = Main.storyboard;
			sourceTree = "<group>";
		};
		E763FB91256D52DE00FF4C14 /* LaunchScreen.storyboard */ = {
			isa = PBXVariantGroup;
			children = (
				E763FB92256D52DE00FF4C14 /* Base */,
			);
			name = LaunchScreen.storyboard;
			sourceTree = "<group>";
		};
/* End PBXVariantGroup section */

/* Begin XCBuildConfiguration section */
		E763FB95256D52DE00FF4C14 /* Debug */ = {
			isa = XCBuildConfiguration;
			buildSettings = {
				ALWAYS_SEARCH_USER_PATHS = NO;
				CLANG_ANALYZER_NONNULL = YES;
				CLANG_ANALYZER_NUMBER_OBJECT_CONVERSION = YES_AGGRESSIVE;
				CLANG_CXX_LANGUAGE_STANDARD = "gnu++14";
				CLANG_CXX_LIBRARY = "libc++";
				CLANG_ENABLE_MODULES = YES;
				CLANG_ENABLE_OBJC_ARC = YES;
				CLANG_ENABLE_OBJC_WEAK = YES;
				CLANG_WARN_BLOCK_CAPTURE_AUTORELEASING = YES;
				CLANG_WARN_BOOL_CONVERSION = YES;
				CLANG_WARN_COMMA = YES;
				CLANG_WARN_CONSTANT_CONVERSION = YES;
				CLANG_WARN_DEPRECATED_OBJC_IMPLEMENTATIONS = YES;
				CLANG_WARN_DIRECT_OBJC_ISA_USAGE = YES_ERROR;
				CLANG_WARN_DOCUMENTATION_COMMENTS = YES;
				CLANG_WARN_EMPTY_BODY = YES;
				CLANG_WARN_ENUM_CONVERSION = YES;
				CLANG_WARN_INFINITE_RECURSION = YES;
				CLANG_WARN_INT_CONVERSION = YES;
				CLANG_WARN_NON_LITERAL_NULL_CONVERSION = YES;
				CLANG_WARN_OBJC_IMPLICIT_RETAIN_SELF = YES;
				CLANG_WARN_OBJC_LITERAL_CONVERSION = YES;
				CLANG_WARN_OBJC_ROOT_CLASS = YES_ERROR;
				CLANG_WARN_RANGE_LOOP_ANALYSIS = YES;
				CLANG_WARN_STRICT_PROTOTYPES = YES;
				CLANG_WARN_SUSPICIOUS_MOVE = YES;
				CLANG_WARN_UNGUARDED_AVAILABILITY = YES_AGGRESSIVE;
				CLANG_WARN_UNREACHABLE_CODE = YES;
				CLANG_WARN__DUPLICATE_METHOD_MATCH = YES;
				COPY_PHASE_STRIP = NO;
				DEBUG_INFORMATION_FORMAT = dwarf;
				ENABLE_STRICT_OBJC_MSGSEND = YES;
				ENABLE_TESTABILITY = YES;
				GCC_C_LANGUAGE_STANDARD = gnu11;
				GCC_DYNAMIC_NO_PIC = NO;
				GCC_NO_COMMON_BLOCKS = YES;
				GCC_OPTIMIZATION_LEVEL = 0;
				GCC_PREPROCESSOR_DEFINITIONS = (
					"DEBUG=1",
					"$(inherited)",
				);
				GCC_WARN_64_TO_32_BIT_CONVERSION = YES;
				GCC_WARN_ABOUT_RETURN_TYPE = YES_ERROR;
				GCC_WARN_UNDECLARED_SELECTOR = YES;
				GCC_WARN_UNINITIALIZED_AUTOS = YES_AGGRESSIVE;
				GCC_WARN_UNUSED_FUNCTION = YES;
				GCC_WARN_UNUSED_VARIABLE = YES;
				IPHONEOS_DEPLOYMENT_TARGET = 13.6;
				MTL_ENABLE_DEBUG_INFO = INCLUDE_SOURCE;
				MTL_FAST_MATH = YES;
				ONLY_ACTIVE_ARCH = YES;
				SDKROOT = iphoneos;
				SWIFT_ACTIVE_COMPILATION_CONDITIONS = DEBUG;
				SWIFT_OPTIMIZATION_LEVEL = "-Onone";
			};
			name = Debug;
		};
		E763FB96256D52DE00FF4C14 /* Release */ = {
			isa = XCBuildConfiguration;
			buildSettings = {
				ALWAYS_SEARCH_USER_PATHS = NO;
				CLANG_ANALYZER_NONNULL = YES;
				CLANG_ANALYZER_NUMBER_OBJECT_CONVERSION = YES_AGGRESSIVE;
				CLANG_CXX_LANGUAGE_STANDARD = "gnu++14";
				CLANG_CXX_LIBRARY = "libc++";
				CLANG_ENABLE_MODULES = YES;
				CLANG_ENABLE_OBJC_ARC = YES;
				CLANG_ENABLE_OBJC_WEAK = YES;
				CLANG_WARN_BLOCK_CAPTURE_AUTORELEASING = YES;
				CLANG_WARN_BOOL_CONVERSION = YES;
				CLANG_WARN_COMMA = YES;
				CLANG_WARN_CONSTANT_CONVERSION = YES;
				CLANG_WARN_DEPRECATED_OBJC_IMPLEMENTATIONS = YES;
				CLANG_WARN_DIRECT_OBJC_ISA_USAGE = YES_ERROR;
				CLANG_WARN_DOCUMENTATION_COMMENTS = YES;
				CLANG_WARN_EMPTY_BODY = YES;
				CLANG_WARN_ENUM_CONVERSION = YES;
				CLANG_WARN_INFINITE_RECURSION = YES;
				CLANG_WARN_INT_CONVERSION = YES;
				CLANG_WARN_NON_LITERAL_NULL_CONVERSION = YES;
				CLANG_WARN_OBJC_IMPLICIT_RETAIN_SELF = YES;
				CLANG_WARN_OBJC_LITERAL_CONVERSION = YES;
				CLANG_WARN_OBJC_ROOT_CLASS = YES_ERROR;
				CLANG_WARN_RANGE_LOOP_ANALYSIS = YES;
				CLANG_WARN_STRICT_PROTOTYPES = YES;
				CLANG_WARN_SUSPICIOUS_MOVE = YES;
				CLANG_WARN_UNGUARDED_AVAILABILITY = YES_AGGRESSIVE;
				CLANG_WARN_UNREACHABLE_CODE = YES;
				CLANG_WARN__DUPLICATE_METHOD_MATCH = YES;
				COPY_PHASE_STRIP = NO;
				DEBUG_INFORMATION_FORMAT = "dwarf-with-dsym";
				ENABLE_NS_ASSERTIONS = NO;
				ENABLE_STRICT_OBJC_MSGSEND = YES;
				GCC_C_LANGUAGE_STANDARD = gnu11;
				GCC_NO_COMMON_BLOCKS = YES;
				GCC_WARN_64_TO_32_BIT_CONVERSION = YES;
				GCC_WARN_ABOUT_RETURN_TYPE = YES_ERROR;
				GCC_WARN_UNDECLARED_SELECTOR = YES;
				GCC_WARN_UNINITIALIZED_AUTOS = YES_AGGRESSIVE;
				GCC_WARN_UNUSED_FUNCTION = YES;
				GCC_WARN_UNUSED_VARIABLE = YES;
				IPHONEOS_DEPLOYMENT_TARGET = 13.6;
				MTL_ENABLE_DEBUG_INFO = NO;
				MTL_FAST_MATH = YES;
				SDKROOT = iphoneos;
				SWIFT_COMPILATION_MODE = wholemodule;
				SWIFT_OPTIMIZATION_LEVEL = "-O";
				VALIDATE_PRODUCT = YES;
			};
			name = Release;
		};
		E763FB98256D52DE00FF4C14 /* Debug */ = {
			isa = XCBuildConfiguration;
			buildSettings = {
				ASSETCATALOG_COMPILER_APPICON_NAME = AppIcon;
				CODE_SIGN_STYLE = Automatic;
				DEVELOPMENT_TEAM = Z53JTKZSMK;
				INFOPLIST_FILE = ProstoTest/Info.plist;
				LD_RUNPATH_SEARCH_PATHS = (
					"$(inherited)",
					"@executable_path/Frameworks",
				);
				PRODUCT_BUNDLE_IDENTIFIER = Vladimir.ProstoTest;
				PRODUCT_NAME = "$(TARGET_NAME)";
				SWIFT_VERSION = 5.0;
				TARGETED_DEVICE_FAMILY = "1,2";
			};
			name = Debug;
		};
		E763FB99256D52DE00FF4C14 /* Release */ = {
			isa = XCBuildConfiguration;
			buildSettings = {
				ASSETCATALOG_COMPILER_APPICON_NAME = AppIcon;
				CODE_SIGN_STYLE = Automatic;
				DEVELOPMENT_TEAM = Z53JTKZSMK;
				INFOPLIST_FILE = ProstoTest/Info.plist;
				LD_RUNPATH_SEARCH_PATHS = (
					"$(inherited)",
					"@executable_path/Frameworks",
				);
				PRODUCT_BUNDLE_IDENTIFIER = Vladimir.ProstoTest;
				PRODUCT_NAME = "$(TARGET_NAME)";
				SWIFT_VERSION = 5.0;
				TARGETED_DEVICE_FAMILY = "1,2";
			};
			name = Release;
		};
/* End XCBuildConfiguration section */

/* Begin XCConfigurationList section */
		E763FB7E256D52DC00FF4C14 /* Build configuration list for PBXProject "ProstoTest" */ = {
			isa = XCConfigurationList;
			buildConfigurations = (
				E763FB95256D52DE00FF4C14 /* Debug */,
				E763FB96256D52DE00FF4C14 /* Release */,
			);
			defaultConfigurationIsVisible = 0;
			defaultConfigurationName = Release;
		};
		E763FB97256D52DE00FF4C14 /* Build configuration list for PBXNativeTarget "ProstoTest" */ = {
			isa = XCConfigurationList;
			buildConfigurations = (
				E763FB98256D52DE00FF4C14 /* Debug */,
				E763FB99256D52DE00FF4C14 /* Release */,
			);
			defaultConfigurationIsVisible = 0;
			defaultConfigurationName = Release;
		};
/* End XCConfigurationList section */
	};
	rootObject = E763FB7B256D52DC00FF4C14 /* Project object */;
}
